// !$*UTF8*$!
{
	archiveVersion = 1;
	classes = {
	};
	objectVersion = 51;
	objects = {

/* Begin PBXBuildFile section */
		56113D2F23859BC700A7DA6B /* TestListViewController.swift in Sources */ = {isa = PBXBuildFile; fileRef = 56113D2E23859BC700A7DA6B /* TestListViewController.swift */; };
		56113D312386C0AB00A7DA6B /* ListeningViewModel.swift in Sources */ = {isa = PBXBuildFile; fileRef = 56113D302386C0AB00A7DA6B /* ListeningViewModel.swift */; };
		56113D332386C0BA00A7DA6B /* ListeningCourseViewController.swift in Sources */ = {isa = PBXBuildFile; fileRef = 56113D322386C0BA00A7DA6B /* ListeningCourseViewController.swift */; };
		56113D442388524000A7DA6B /* listening1-5.csv in Resources */ = {isa = PBXBuildFile; fileRef = 56113D422388520600A7DA6B /* listening1-5.csv */; };
		56113D4A2388563500A7DA6B /* GoogleService-Info.plist in Resources */ = {isa = PBXBuildFile; fileRef = 56113D482388554100A7DA6B /* GoogleService-Info.plist */; };
		56113D4C2388717600A7DA6B /* .gitignore in Resources */ = {isa = PBXBuildFile; fileRef = 56113D4B2388717500A7DA6B /* .gitignore */; };
		56113D4E238A5C2300A7DA6B /* ListeningQuestion.swift in Sources */ = {isa = PBXBuildFile; fileRef = 56113D4D238A5C2300A7DA6B /* ListeningQuestion.swift */; };
		56113D51238A83D600A7DA6B /* ListeningViewModelTests.swift in Sources */ = {isa = PBXBuildFile; fileRef = 56113D50238A83D500A7DA6B /* ListeningViewModelTests.swift */; };
		56113D53238A848300A7DA6B /* UserAnswer.swift in Sources */ = {isa = PBXBuildFile; fileRef = 56113D52238A848300A7DA6B /* UserAnswer.swift */; };
		56113D55238ABEA000A7DA6B /* FirebaseManager.swift in Sources */ = {isa = PBXBuildFile; fileRef = 56113D54238ABE9F00A7DA6B /* FirebaseManager.swift */; };
		56113D57238AFC4200A7DA6B /* FirebaseRequest.swift in Sources */ = {isa = PBXBuildFile; fileRef = 56113D56238AFC4200A7DA6B /* FirebaseRequest.swift */; };
		56113D59238D8C0C00A7DA6B /* ListeningQuestionViewModel.swift in Sources */ = {isa = PBXBuildFile; fileRef = 56113D58238D8C0C00A7DA6B /* ListeningQuestionViewModel.swift */; };
		56113D5B238E855B00A7DA6B /* ListeningQuestionBinaryChoiceTableViewCell.swift in Sources */ = {isa = PBXBuildFile; fileRef = 56113D5A238E855B00A7DA6B /* ListeningQuestionBinaryChoiceTableViewCell.swift */; };
		56113D5D238EC69700A7DA6B /* ListeningQuestionMultipleChoiceTableViewCell.swift in Sources */ = {isa = PBXBuildFile; fileRef = 56113D5C238EC69700A7DA6B /* ListeningQuestionMultipleChoiceTableViewCell.swift */; };
		56963E9323C1B29A007ACE1D /* SpeakingCourseViewController.swift in Sources */ = {isa = PBXBuildFile; fileRef = 56963E9223C1B29A007ACE1D /* SpeakingCourseViewController.swift */; };
		56963E9523C1B982007ACE1D /* WordListViewController.swift in Sources */ = {isa = PBXBuildFile; fileRef = 56963E9423C1B982007ACE1D /* WordListViewController.swift */; };
		56963E9723C1C201007ACE1D /* WordListViewModel.swift in Sources */ = {isa = PBXBuildFile; fileRef = 56963E9623C1C201007ACE1D /* WordListViewModel.swift */; };
		56963E9923C1C219007ACE1D /* Word.swift in Sources */ = {isa = PBXBuildFile; fileRef = 56963E9823C1C219007ACE1D /* Word.swift */; };
		56963E9B23C1C275007ACE1D /* CardListViewController.swift in Sources */ = {isa = PBXBuildFile; fileRef = 56963E9A23C1C275007ACE1D /* CardListViewController.swift */; };
		56963E9D23C1C435007ACE1D /* CardListViewModel.swift in Sources */ = {isa = PBXBuildFile; fileRef = 56963E9C23C1C435007ACE1D /* CardListViewModel.swift */; };
		56963E9F23C1C44C007ACE1D /* Card.swift in Sources */ = {isa = PBXBuildFile; fileRef = 56963E9E23C1C44C007ACE1D /* Card.swift */; };
		56963EA123C1C4F9007ACE1D /* SpeakingCourseCoordinator.swift in Sources */ = {isa = PBXBuildFile; fileRef = 56963EA023C1C4F9007ACE1D /* SpeakingCourseCoordinator.swift */; };
		56963EA323C1C595007ACE1D /* WordListCoordinator.swift in Sources */ = {isa = PBXBuildFile; fileRef = 56963EA223C1C595007ACE1D /* WordListCoordinator.swift */; };
		56963EA523C1F968007ACE1D /* CardListCoordinator.swift in Sources */ = {isa = PBXBuildFile; fileRef = 56963EA423C1F968007ACE1D /* CardListCoordinator.swift */; };
		56963EA723C34601007ACE1D /* CardCollectionViewCell.swift in Sources */ = {isa = PBXBuildFile; fileRef = 56963EA623C34601007ACE1D /* CardCollectionViewCell.swift */; };
		56968367238EF9E8008AF9A4 /* FirebaseStorageManager.swift in Sources */ = {isa = PBXBuildFile; fileRef = 56968366238EF9E8008AF9A4 /* FirebaseStorageManager.swift */; };
		5696836B238EFFDC008AF9A4 /* LoadingOverlay.swift in Sources */ = {isa = PBXBuildFile; fileRef = 5696836A238EFFDC008AF9A4 /* LoadingOverlay.swift */; };
		5696837023912957008AF9A4 /* AppDependencyContainer.swift in Sources */ = {isa = PBXBuildFile; fileRef = 5696836F23912957008AF9A4 /* AppDependencyContainer.swift */; };
		5696837223927397008AF9A4 /* Coordinator.swift in Sources */ = {isa = PBXBuildFile; fileRef = 5696837123927397008AF9A4 /* Coordinator.swift */; };
		56968375239273BE008AF9A4 /* AppCoordinator.swift in Sources */ = {isa = PBXBuildFile; fileRef = 56968374239273BE008AF9A4 /* AppCoordinator.swift */; };
		569683772392741E008AF9A4 /* TestListCoordinator.swift in Sources */ = {isa = PBXBuildFile; fileRef = 569683762392741E008AF9A4 /* TestListCoordinator.swift */; };
		5696837923927A99008AF9A4 /* CourseListCoordinator.swift in Sources */ = {isa = PBXBuildFile; fileRef = 5696837823927A99008AF9A4 /* CourseListCoordinator.swift */; };
		5696837B23927D6D008AF9A4 /* ListeningCourseCoordinator.swift in Sources */ = {isa = PBXBuildFile; fileRef = 5696837A23927D6D008AF9A4 /* ListeningCourseCoordinator.swift */; };
		5696837D23927FFF008AF9A4 /* CourseListViewControllerDelegate.swift in Sources */ = {isa = PBXBuildFile; fileRef = 5696837C23927FFF008AF9A4 /* CourseListViewControllerDelegate.swift */; };
		5696838123929A09008AF9A4 /* TestListViewControllerDelegate.swift in Sources */ = {isa = PBXBuildFile; fileRef = 5696838023929A09008AF9A4 /* TestListViewControllerDelegate.swift */; };
		56968CC423854D07008F56D9 /* CourseListViewModel.swift in Sources */ = {isa = PBXBuildFile; fileRef = 56968CC323854D07008F56D9 /* CourseListViewModel.swift */; };
		56968CC623854D1D008F56D9 /* LocalCollection.swift in Sources */ = {isa = PBXBuildFile; fileRef = 56968CC523854D1D008F56D9 /* LocalCollection.swift */; };
		56968CC823857512008F56D9 /* TestListViewModel.swift in Sources */ = {isa = PBXBuildFile; fileRef = 56968CC723857512008F56D9 /* TestListViewModel.swift */; };
		569F4E5E239921A00054BC65 /* Repository.swift in Sources */ = {isa = PBXBuildFile; fileRef = 569F4E5D239921A00054BC65 /* Repository.swift */; };
		569F4E60239C03D90054BC65 /* CoreDataRepository.swift in Sources */ = {isa = PBXBuildFile; fileRef = 569F4E5F239C03D90054BC65 /* CoreDataRepository.swift */; };
		569F4F3C23AB905F0054BC65 /* ReadingCourseViewController.swift in Sources */ = {isa = PBXBuildFile; fileRef = 569F4F3B23AB905E0054BC65 /* ReadingCourseViewController.swift */; };
		569F4F3E23AB90810054BC65 /* ReadingCourseViewModel.swift in Sources */ = {isa = PBXBuildFile; fileRef = 569F4F3D23AB90810054BC65 /* ReadingCourseViewModel.swift */; };
		569F4F4023AB910D0054BC65 /* ReadingQuestion.swift in Sources */ = {isa = PBXBuildFile; fileRef = 569F4F3F23AB910D0054BC65 /* ReadingQuestion.swift */; };
		569F4F4423ABC70C0054BC65 /* ReadingCourseCoordinator.swift in Sources */ = {isa = PBXBuildFile; fileRef = 569F4F4323ABC70C0054BC65 /* ReadingCourseCoordinator.swift */; };
		569F4F4623AD3FF50054BC65 /* Extensions.swift in Sources */ = {isa = PBXBuildFile; fileRef = 569F4F4523AD3FF50054BC65 /* Extensions.swift */; };
		569F4F4823AE2D6D0054BC65 /* ReadingQuestionViewModel.swift in Sources */ = {isa = PBXBuildFile; fileRef = 569F4F4723AE2D6C0054BC65 /* ReadingQuestionViewModel.swift */; };
		569F4F4D23AF78C00054BC65 /* ReadingQuestionPartTwoCollectionViewCell.swift in Sources */ = {isa = PBXBuildFile; fileRef = 569F4F4C23AF78C00054BC65 /* ReadingQuestionPartTwoCollectionViewCell.swift */; };
		569F4F4F23AF78EE0054BC65 /* ReadingQuestionPartThreeCollectionViewCell.swift in Sources */ = {isa = PBXBuildFile; fileRef = 569F4F4E23AF78EE0054BC65 /* ReadingQuestionPartThreeCollectionViewCell.swift */; };
		569F4F5223AF79A90054BC65 /* ReadingQuestionPartOneCollectionViewCell.swift in Sources */ = {isa = PBXBuildFile; fileRef = 569F4F5123AF79A90054BC65 /* ReadingQuestionPartOneCollectionViewCell.swift */; };
		56ADF83923AF8363008F62FC /* ReadingCourseViewModelTests.swift in Sources */ = {isa = PBXBuildFile; fileRef = 56ADF83823AF8363008F62FC /* ReadingCourseViewModelTests.swift */; };
		56ADF84823B0BAFB008F62FC /* GermanCourse.xcdatamodeld in Sources */ = {isa = PBXBuildFile; fileRef = 56ADF84623B0BAFB008F62FC /* GermanCourse.xcdatamodeld */; };
		56ADF85323B0BBF5008F62FC /* ManagedCourse+CoreDataClass.swift in Sources */ = {isa = PBXBuildFile; fileRef = 56ADF84B23B0BBF5008F62FC /* ManagedCourse+CoreDataClass.swift */; };
		56ADF85423B0BBF5008F62FC /* ManagedCourse+CoreDataProperties.swift in Sources */ = {isa = PBXBuildFile; fileRef = 56ADF84C23B0BBF5008F62FC /* ManagedCourse+CoreDataProperties.swift */; };
		56ADF85523B0BBF5008F62FC /* ManagedTest+CoreDataClass.swift in Sources */ = {isa = PBXBuildFile; fileRef = 56ADF84D23B0BBF5008F62FC /* ManagedTest+CoreDataClass.swift */; };
		56ADF85623B0BBF5008F62FC /* ManagedTest+CoreDataProperties.swift in Sources */ = {isa = PBXBuildFile; fileRef = 56ADF84E23B0BBF5008F62FC /* ManagedTest+CoreDataProperties.swift */; };
		56ADF85723B0BBF5008F62FC /* ManagedListeningQuestion+CoreDataClass.swift in Sources */ = {isa = PBXBuildFile; fileRef = 56ADF84F23B0BBF5008F62FC /* ManagedListeningQuestion+CoreDataClass.swift */; };
		56ADF85823B0BBF5008F62FC /* ManagedListeningQuestion+CoreDataProperties.swift in Sources */ = {isa = PBXBuildFile; fileRef = 56ADF85023B0BBF5008F62FC /* ManagedListeningQuestion+CoreDataProperties.swift */; };
		56ADF85B23B0C6D5008F62FC /* ManagedReadingQuestion+CoreDataClass.swift in Sources */ = {isa = PBXBuildFile; fileRef = 56ADF85923B0C6D5008F62FC /* ManagedReadingQuestion+CoreDataClass.swift */; };
		56ADF85C23B0C6D5008F62FC /* ManagedReadingQuestion+CoreDataProperties.swift in Sources */ = {isa = PBXBuildFile; fileRef = 56ADF85A23B0C6D5008F62FC /* ManagedReadingQuestion+CoreDataProperties.swift */; };
		56ADF86223B3DF7A008F62FC /* WritingCourseViewController.swift in Sources */ = {isa = PBXBuildFile; fileRef = 56ADF86123B3DF7A008F62FC /* WritingCourseViewController.swift */; };
		56ADF86423B3DFEA008F62FC /* BlankListViewController.swift in Sources */ = {isa = PBXBuildFile; fileRef = 56ADF86323B3DFEA008F62FC /* BlankListViewController.swift */; };
		56ADF86623B3E016008F62FC /* LetterListViewController.swift in Sources */ = {isa = PBXBuildFile; fileRef = 56ADF86523B3E016008F62FC /* LetterListViewController.swift */; };
		56ADF86823B3E308008F62FC /* BlankViewController.swift in Sources */ = {isa = PBXBuildFile; fileRef = 56ADF86723B3E308008F62FC /* BlankViewController.swift */; };
		56ADF86A23B3E316008F62FC /* LetterViewController.swift in Sources */ = {isa = PBXBuildFile; fileRef = 56ADF86923B3E316008F62FC /* LetterViewController.swift */; };
		56ADF86C23B60E0C008F62FC /* WritingCourseCoordinator.swift in Sources */ = {isa = PBXBuildFile; fileRef = 56ADF86B23B60E0B008F62FC /* WritingCourseCoordinator.swift */; };
		56ADF86E23B61226008F62FC /* BlankListViewModel.swift in Sources */ = {isa = PBXBuildFile; fileRef = 56ADF86D23B61226008F62FC /* BlankListViewModel.swift */; };
		56ADF87023B61237008F62FC /* LetterListViewModel.swift in Sources */ = {isa = PBXBuildFile; fileRef = 56ADF86F23B61237008F62FC /* LetterListViewModel.swift */; };
		56ADF87223B613FE008F62FC /* BlankListCoordinator.swift in Sources */ = {isa = PBXBuildFile; fileRef = 56ADF87123B613FE008F62FC /* BlankListCoordinator.swift */; };
		56ADF87423B61414008F62FC /* LetterListCoordinator.swift in Sources */ = {isa = PBXBuildFile; fileRef = 56ADF87323B61414008F62FC /* LetterListCoordinator.swift */; };
		56ADF87623B624D9008F62FC /* Blank.swift in Sources */ = {isa = PBXBuildFile; fileRef = 56ADF87523B624D8008F62FC /* Blank.swift */; };
		56ADF87823B64992008F62FC /* BlankViewModel.swift in Sources */ = {isa = PBXBuildFile; fileRef = 56ADF87723B64991008F62FC /* BlankViewModel.swift */; };
		56ADF87A23B67BC3008F62FC /* BlankDetailCoordinator.swift in Sources */ = {isa = PBXBuildFile; fileRef = 56ADF87923B67BC3008F62FC /* BlankDetailCoordinator.swift */; };
		56ADF87C23B8AEC3008F62FC /* LetterDetailCoordinator.swift in Sources */ = {isa = PBXBuildFile; fileRef = 56ADF87B23B8AEC3008F62FC /* LetterDetailCoordinator.swift */; };
		56ADF87E23B8B08F008F62FC /* Letter.swift in Sources */ = {isa = PBXBuildFile; fileRef = 56ADF87D23B8B08F008F62FC /* Letter.swift */; };
		56ADF88023B8B0B5008F62FC /* LetterViewModel.swift in Sources */ = {isa = PBXBuildFile; fileRef = 56ADF87F23B8B0B5008F62FC /* LetterViewModel.swift */; };
		56ADF88523C0E572008F62FC /* ManagedBlank+CoreDataClass.swift in Sources */ = {isa = PBXBuildFile; fileRef = 56ADF88123C0E572008F62FC /* ManagedBlank+CoreDataClass.swift */; };
		56ADF88623C0E572008F62FC /* ManagedBlank+CoreDataProperties.swift in Sources */ = {isa = PBXBuildFile; fileRef = 56ADF88223C0E572008F62FC /* ManagedBlank+CoreDataProperties.swift */; };
		56ADF88723C0E572008F62FC /* ManagedLetter+CoreDataClass.swift in Sources */ = {isa = PBXBuildFile; fileRef = 56ADF88323C0E572008F62FC /* ManagedLetter+CoreDataClass.swift */; };
		56ADF88823C0E572008F62FC /* ManagedLetter+CoreDataProperties.swift in Sources */ = {isa = PBXBuildFile; fileRef = 56ADF88423C0E572008F62FC /* ManagedLetter+CoreDataProperties.swift */; };
		56C776EC2396827E00D5C9DE /* Test.swift in Sources */ = {isa = PBXBuildFile; fileRef = 56C776EB2396827E00D5C9DE /* Test.swift */; };
		56C776EE2396829400D5C9DE /* Course.swift in Sources */ = {isa = PBXBuildFile; fileRef = 56C776ED2396829400D5C9DE /* Course.swift */; };
		56D79870239913D800672302 /* Models+Storable.swift in Sources */ = {isa = PBXBuildFile; fileRef = 56D7986F239913D800672302 /* Models+Storable.swift */; };
		56D7BACC2382F79A00CECC71 /* AppDelegate.swift in Sources */ = {isa = PBXBuildFile; fileRef = 56D7BACB2382F79A00CECC71 /* AppDelegate.swift */; };
		56D7BACE2382F79A00CECC71 /* SceneDelegate.swift in Sources */ = {isa = PBXBuildFile; fileRef = 56D7BACD2382F79A00CECC71 /* SceneDelegate.swift */; };
		56D7BAD02382F79A00CECC71 /* CourseListViewController.swift in Sources */ = {isa = PBXBuildFile; fileRef = 56D7BACF2382F79A00CECC71 /* CourseListViewController.swift */; };
		56D7BAD82382F7A200CECC71 /* Assets.xcassets in Resources */ = {isa = PBXBuildFile; fileRef = 56D7BAD72382F7A200CECC71 /* Assets.xcassets */; };
		56D7BADB2382F7A200CECC71 /* LaunchScreen.storyboard in Resources */ = {isa = PBXBuildFile; fileRef = 56D7BAD92382F7A200CECC71 /* LaunchScreen.storyboard */; };
		56D7BAE62382F7A200CECC71 /* StartDeutschTests.swift in Sources */ = {isa = PBXBuildFile; fileRef = 56D7BAE52382F7A200CECC71 /* StartDeutschTests.swift */; };
		A2F8E3225AAF644C2418C7DE /* Pods_StartDeutsch.framework in Frameworks */ = {isa = PBXBuildFile; fileRef = 1FC6E469F3A00B0CF46E77B0 /* Pods_StartDeutsch.framework */; };
		AF29B90F171EC1F1BC391DD4 /* Pods_StartDeutschTests.framework in Frameworks */ = {isa = PBXBuildFile; fileRef = EBCEA5576E60E1534F66D470 /* Pods_StartDeutschTests.framework */; };
/* End PBXBuildFile section */

/* Begin PBXContainerItemProxy section */
		56D7BAE22382F7A200CECC71 /* PBXContainerItemProxy */ = {
			isa = PBXContainerItemProxy;
			containerPortal = 56D7BAC02382F79A00CECC71 /* Project object */;
			proxyType = 1;
			remoteGlobalIDString = 56D7BAC72382F79A00CECC71;
			remoteInfo = StartDeutsch;
		};
/* End PBXContainerItemProxy section */

/* Begin PBXFileReference section */
		1FC6E469F3A00B0CF46E77B0 /* Pods_StartDeutsch.framework */ = {isa = PBXFileReference; explicitFileType = wrapper.framework; includeInIndex = 0; path = Pods_StartDeutsch.framework; sourceTree = BUILT_PRODUCTS_DIR; };
		56113D2E23859BC700A7DA6B /* TestListViewController.swift */ = {isa = PBXFileReference; lastKnownFileType = sourcecode.swift; path = TestListViewController.swift; sourceTree = "<group>"; };
		56113D302386C0AB00A7DA6B /* ListeningViewModel.swift */ = {isa = PBXFileReference; lastKnownFileType = sourcecode.swift; path = ListeningViewModel.swift; sourceTree = "<group>"; };
		56113D322386C0BA00A7DA6B /* ListeningCourseViewController.swift */ = {isa = PBXFileReference; lastKnownFileType = sourcecode.swift; path = ListeningCourseViewController.swift; sourceTree = "<group>"; };
		56113D422388520600A7DA6B /* listening1-5.csv */ = {isa = PBXFileReference; fileEncoding = 4; lastKnownFileType = text; path = "listening1-5.csv"; sourceTree = "<group>"; };
		56113D482388554100A7DA6B /* GoogleService-Info.plist */ = {isa = PBXFileReference; fileEncoding = 4; lastKnownFileType = text.plist.xml; path = "GoogleService-Info.plist"; sourceTree = "<group>"; };
		56113D4B2388717500A7DA6B /* .gitignore */ = {isa = PBXFileReference; lastKnownFileType = text; path = .gitignore; sourceTree = "<group>"; };
		56113D4D238A5C2300A7DA6B /* ListeningQuestion.swift */ = {isa = PBXFileReference; lastKnownFileType = sourcecode.swift; path = ListeningQuestion.swift; sourceTree = "<group>"; };
		56113D50238A83D500A7DA6B /* ListeningViewModelTests.swift */ = {isa = PBXFileReference; lastKnownFileType = sourcecode.swift; path = ListeningViewModelTests.swift; sourceTree = "<group>"; };
		56113D52238A848300A7DA6B /* UserAnswer.swift */ = {isa = PBXFileReference; lastKnownFileType = sourcecode.swift; path = UserAnswer.swift; sourceTree = "<group>"; };
		56113D54238ABE9F00A7DA6B /* FirebaseManager.swift */ = {isa = PBXFileReference; lastKnownFileType = sourcecode.swift; path = FirebaseManager.swift; sourceTree = "<group>"; };
		56113D56238AFC4200A7DA6B /* FirebaseRequest.swift */ = {isa = PBXFileReference; lastKnownFileType = sourcecode.swift; path = FirebaseRequest.swift; sourceTree = "<group>"; };
		56113D58238D8C0C00A7DA6B /* ListeningQuestionViewModel.swift */ = {isa = PBXFileReference; lastKnownFileType = sourcecode.swift; path = ListeningQuestionViewModel.swift; sourceTree = "<group>"; };
		56113D5A238E855B00A7DA6B /* ListeningQuestionBinaryChoiceTableViewCell.swift */ = {isa = PBXFileReference; lastKnownFileType = sourcecode.swift; path = ListeningQuestionBinaryChoiceTableViewCell.swift; sourceTree = "<group>"; };
		56113D5C238EC69700A7DA6B /* ListeningQuestionMultipleChoiceTableViewCell.swift */ = {isa = PBXFileReference; lastKnownFileType = sourcecode.swift; path = ListeningQuestionMultipleChoiceTableViewCell.swift; sourceTree = "<group>"; };
		56963E9223C1B29A007ACE1D /* SpeakingCourseViewController.swift */ = {isa = PBXFileReference; lastKnownFileType = sourcecode.swift; path = SpeakingCourseViewController.swift; sourceTree = "<group>"; };
		56963E9423C1B982007ACE1D /* WordListViewController.swift */ = {isa = PBXFileReference; lastKnownFileType = sourcecode.swift; path = WordListViewController.swift; sourceTree = "<group>"; };
		56963E9623C1C201007ACE1D /* WordListViewModel.swift */ = {isa = PBXFileReference; lastKnownFileType = sourcecode.swift; path = WordListViewModel.swift; sourceTree = "<group>"; };
		56963E9823C1C219007ACE1D /* Word.swift */ = {isa = PBXFileReference; lastKnownFileType = sourcecode.swift; path = Word.swift; sourceTree = "<group>"; };
		56963E9A23C1C275007ACE1D /* CardListViewController.swift */ = {isa = PBXFileReference; lastKnownFileType = sourcecode.swift; path = CardListViewController.swift; sourceTree = "<group>"; };
		56963E9C23C1C435007ACE1D /* CardListViewModel.swift */ = {isa = PBXFileReference; lastKnownFileType = sourcecode.swift; path = CardListViewModel.swift; sourceTree = "<group>"; };
		56963E9E23C1C44C007ACE1D /* Card.swift */ = {isa = PBXFileReference; lastKnownFileType = sourcecode.swift; path = Card.swift; sourceTree = "<group>"; };
		56963EA023C1C4F9007ACE1D /* SpeakingCourseCoordinator.swift */ = {isa = PBXFileReference; lastKnownFileType = sourcecode.swift; path = SpeakingCourseCoordinator.swift; sourceTree = "<group>"; };
		56963EA223C1C595007ACE1D /* WordListCoordinator.swift */ = {isa = PBXFileReference; lastKnownFileType = sourcecode.swift; path = WordListCoordinator.swift; sourceTree = "<group>"; };
		56963EA423C1F968007ACE1D /* CardListCoordinator.swift */ = {isa = PBXFileReference; lastKnownFileType = sourcecode.swift; path = CardListCoordinator.swift; sourceTree = "<group>"; };
		56963EA623C34601007ACE1D /* CardCollectionViewCell.swift */ = {isa = PBXFileReference; lastKnownFileType = sourcecode.swift; name = CardCollectionViewCell.swift; path = "StartDeutsch/View Controllers/CardCollectionViewCell.swift"; sourceTree = SOURCE_ROOT; };
		56968366238EF9E8008AF9A4 /* FirebaseStorageManager.swift */ = {isa = PBXFileReference; lastKnownFileType = sourcecode.swift; path = FirebaseStorageManager.swift; sourceTree = "<group>"; };
		5696836A238EFFDC008AF9A4 /* LoadingOverlay.swift */ = {isa = PBXFileReference; lastKnownFileType = sourcecode.swift; path = LoadingOverlay.swift; sourceTree = "<group>"; };
		5696836F23912957008AF9A4 /* AppDependencyContainer.swift */ = {isa = PBXFileReference; lastKnownFileType = sourcecode.swift; path = AppDependencyContainer.swift; sourceTree = "<group>"; };
		5696837123927397008AF9A4 /* Coordinator.swift */ = {isa = PBXFileReference; lastKnownFileType = sourcecode.swift; path = Coordinator.swift; sourceTree = "<group>"; };
		56968374239273BE008AF9A4 /* AppCoordinator.swift */ = {isa = PBXFileReference; lastKnownFileType = sourcecode.swift; path = AppCoordinator.swift; sourceTree = "<group>"; };
		569683762392741E008AF9A4 /* TestListCoordinator.swift */ = {isa = PBXFileReference; lastKnownFileType = sourcecode.swift; path = TestListCoordinator.swift; sourceTree = "<group>"; };
		5696837823927A99008AF9A4 /* CourseListCoordinator.swift */ = {isa = PBXFileReference; lastKnownFileType = sourcecode.swift; path = CourseListCoordinator.swift; sourceTree = "<group>"; };
		5696837A23927D6D008AF9A4 /* ListeningCourseCoordinator.swift */ = {isa = PBXFileReference; lastKnownFileType = sourcecode.swift; path = ListeningCourseCoordinator.swift; sourceTree = "<group>"; };
		5696837C23927FFF008AF9A4 /* CourseListViewControllerDelegate.swift */ = {isa = PBXFileReference; lastKnownFileType = sourcecode.swift; path = CourseListViewControllerDelegate.swift; sourceTree = "<group>"; };
		5696838023929A09008AF9A4 /* TestListViewControllerDelegate.swift */ = {isa = PBXFileReference; lastKnownFileType = sourcecode.swift; path = TestListViewControllerDelegate.swift; sourceTree = "<group>"; };
		56968CC323854D07008F56D9 /* CourseListViewModel.swift */ = {isa = PBXFileReference; lastKnownFileType = sourcecode.swift; path = CourseListViewModel.swift; sourceTree = "<group>"; };
		56968CC523854D1D008F56D9 /* LocalCollection.swift */ = {isa = PBXFileReference; lastKnownFileType = sourcecode.swift; path = LocalCollection.swift; sourceTree = "<group>"; };
		56968CC723857512008F56D9 /* TestListViewModel.swift */ = {isa = PBXFileReference; lastKnownFileType = sourcecode.swift; path = TestListViewModel.swift; sourceTree = "<group>"; };
		569F4E5D239921A00054BC65 /* Repository.swift */ = {isa = PBXFileReference; lastKnownFileType = sourcecode.swift; path = Repository.swift; sourceTree = "<group>"; };
		569F4E5F239C03D90054BC65 /* CoreDataRepository.swift */ = {isa = PBXFileReference; lastKnownFileType = sourcecode.swift; path = CoreDataRepository.swift; sourceTree = "<group>"; };
		569F4F3B23AB905E0054BC65 /* ReadingCourseViewController.swift */ = {isa = PBXFileReference; lastKnownFileType = sourcecode.swift; path = ReadingCourseViewController.swift; sourceTree = "<group>"; };
		569F4F3D23AB90810054BC65 /* ReadingCourseViewModel.swift */ = {isa = PBXFileReference; lastKnownFileType = sourcecode.swift; path = ReadingCourseViewModel.swift; sourceTree = "<group>"; };
		569F4F3F23AB910D0054BC65 /* ReadingQuestion.swift */ = {isa = PBXFileReference; lastKnownFileType = sourcecode.swift; path = ReadingQuestion.swift; sourceTree = "<group>"; };
		569F4F4323ABC70C0054BC65 /* ReadingCourseCoordinator.swift */ = {isa = PBXFileReference; lastKnownFileType = sourcecode.swift; path = ReadingCourseCoordinator.swift; sourceTree = "<group>"; };
		569F4F4523AD3FF50054BC65 /* Extensions.swift */ = {isa = PBXFileReference; lastKnownFileType = sourcecode.swift; path = Extensions.swift; sourceTree = "<group>"; };
		569F4F4723AE2D6C0054BC65 /* ReadingQuestionViewModel.swift */ = {isa = PBXFileReference; lastKnownFileType = sourcecode.swift; path = ReadingQuestionViewModel.swift; sourceTree = "<group>"; };
		569F4F4C23AF78C00054BC65 /* ReadingQuestionPartTwoCollectionViewCell.swift */ = {isa = PBXFileReference; lastKnownFileType = sourcecode.swift; path = ReadingQuestionPartTwoCollectionViewCell.swift; sourceTree = "<group>"; };
		569F4F4E23AF78EE0054BC65 /* ReadingQuestionPartThreeCollectionViewCell.swift */ = {isa = PBXFileReference; lastKnownFileType = sourcecode.swift; path = ReadingQuestionPartThreeCollectionViewCell.swift; sourceTree = "<group>"; };
		569F4F5123AF79A90054BC65 /* ReadingQuestionPartOneCollectionViewCell.swift */ = {isa = PBXFileReference; fileEncoding = 4; lastKnownFileType = sourcecode.swift; path = ReadingQuestionPartOneCollectionViewCell.swift; sourceTree = "<group>"; };
		56ADF83823AF8363008F62FC /* ReadingCourseViewModelTests.swift */ = {isa = PBXFileReference; lastKnownFileType = sourcecode.swift; path = ReadingCourseViewModelTests.swift; sourceTree = "<group>"; };
		56ADF84723B0BAFB008F62FC /* GermanCourse.xcdatamodel */ = {isa = PBXFileReference; lastKnownFileType = wrapper.xcdatamodel; path = GermanCourse.xcdatamodel; sourceTree = "<group>"; };
		56ADF84B23B0BBF5008F62FC /* ManagedCourse+CoreDataClass.swift */ = {isa = PBXFileReference; lastKnownFileType = sourcecode.swift; path = "ManagedCourse+CoreDataClass.swift"; sourceTree = SOURCE_ROOT; };
		56ADF84C23B0BBF5008F62FC /* ManagedCourse+CoreDataProperties.swift */ = {isa = PBXFileReference; lastKnownFileType = sourcecode.swift; path = "ManagedCourse+CoreDataProperties.swift"; sourceTree = SOURCE_ROOT; };
		56ADF84D23B0BBF5008F62FC /* ManagedTest+CoreDataClass.swift */ = {isa = PBXFileReference; lastKnownFileType = sourcecode.swift; path = "ManagedTest+CoreDataClass.swift"; sourceTree = SOURCE_ROOT; };
		56ADF84E23B0BBF5008F62FC /* ManagedTest+CoreDataProperties.swift */ = {isa = PBXFileReference; lastKnownFileType = sourcecode.swift; path = "ManagedTest+CoreDataProperties.swift"; sourceTree = SOURCE_ROOT; };
		56ADF84F23B0BBF5008F62FC /* ManagedListeningQuestion+CoreDataClass.swift */ = {isa = PBXFileReference; lastKnownFileType = sourcecode.swift; path = "ManagedListeningQuestion+CoreDataClass.swift"; sourceTree = SOURCE_ROOT; };
		56ADF85023B0BBF5008F62FC /* ManagedListeningQuestion+CoreDataProperties.swift */ = {isa = PBXFileReference; lastKnownFileType = sourcecode.swift; path = "ManagedListeningQuestion+CoreDataProperties.swift"; sourceTree = SOURCE_ROOT; };
		56ADF85923B0C6D5008F62FC /* ManagedReadingQuestion+CoreDataClass.swift */ = {isa = PBXFileReference; lastKnownFileType = sourcecode.swift; path = "ManagedReadingQuestion+CoreDataClass.swift"; sourceTree = SOURCE_ROOT; };
		56ADF85A23B0C6D5008F62FC /* ManagedReadingQuestion+CoreDataProperties.swift */ = {isa = PBXFileReference; lastKnownFileType = sourcecode.swift; path = "ManagedReadingQuestion+CoreDataProperties.swift"; sourceTree = SOURCE_ROOT; };
		56ADF86123B3DF7A008F62FC /* WritingCourseViewController.swift */ = {isa = PBXFileReference; lastKnownFileType = sourcecode.swift; path = WritingCourseViewController.swift; sourceTree = "<group>"; };
		56ADF86323B3DFEA008F62FC /* BlankListViewController.swift */ = {isa = PBXFileReference; lastKnownFileType = sourcecode.swift; path = BlankListViewController.swift; sourceTree = "<group>"; };
		56ADF86523B3E016008F62FC /* LetterListViewController.swift */ = {isa = PBXFileReference; lastKnownFileType = sourcecode.swift; path = LetterListViewController.swift; sourceTree = "<group>"; };
		56ADF86723B3E308008F62FC /* BlankViewController.swift */ = {isa = PBXFileReference; lastKnownFileType = sourcecode.swift; path = BlankViewController.swift; sourceTree = "<group>"; };
		56ADF86923B3E316008F62FC /* LetterViewController.swift */ = {isa = PBXFileReference; lastKnownFileType = sourcecode.swift; path = LetterViewController.swift; sourceTree = "<group>"; };
		56ADF86B23B60E0B008F62FC /* WritingCourseCoordinator.swift */ = {isa = PBXFileReference; lastKnownFileType = sourcecode.swift; path = WritingCourseCoordinator.swift; sourceTree = "<group>"; };
		56ADF86D23B61226008F62FC /* BlankListViewModel.swift */ = {isa = PBXFileReference; lastKnownFileType = sourcecode.swift; path = BlankListViewModel.swift; sourceTree = "<group>"; };
		56ADF86F23B61237008F62FC /* LetterListViewModel.swift */ = {isa = PBXFileReference; lastKnownFileType = sourcecode.swift; path = LetterListViewModel.swift; sourceTree = "<group>"; };
		56ADF87123B613FE008F62FC /* BlankListCoordinator.swift */ = {isa = PBXFileReference; lastKnownFileType = sourcecode.swift; path = BlankListCoordinator.swift; sourceTree = "<group>"; };
		56ADF87323B61414008F62FC /* LetterListCoordinator.swift */ = {isa = PBXFileReference; lastKnownFileType = sourcecode.swift; path = LetterListCoordinator.swift; sourceTree = "<group>"; };
		56ADF87523B624D8008F62FC /* Blank.swift */ = {isa = PBXFileReference; lastKnownFileType = sourcecode.swift; path = Blank.swift; sourceTree = "<group>"; };
		56ADF87723B64991008F62FC /* BlankViewModel.swift */ = {isa = PBXFileReference; lastKnownFileType = sourcecode.swift; path = BlankViewModel.swift; sourceTree = "<group>"; };
		56ADF87923B67BC3008F62FC /* BlankDetailCoordinator.swift */ = {isa = PBXFileReference; lastKnownFileType = sourcecode.swift; path = BlankDetailCoordinator.swift; sourceTree = "<group>"; };
		56ADF87B23B8AEC3008F62FC /* LetterDetailCoordinator.swift */ = {isa = PBXFileReference; lastKnownFileType = sourcecode.swift; path = LetterDetailCoordinator.swift; sourceTree = "<group>"; };
		56ADF87D23B8B08F008F62FC /* Letter.swift */ = {isa = PBXFileReference; lastKnownFileType = sourcecode.swift; path = Letter.swift; sourceTree = "<group>"; };
		56ADF87F23B8B0B5008F62FC /* LetterViewModel.swift */ = {isa = PBXFileReference; lastKnownFileType = sourcecode.swift; path = LetterViewModel.swift; sourceTree = "<group>"; };
		56ADF88123C0E572008F62FC /* ManagedBlank+CoreDataClass.swift */ = {isa = PBXFileReference; lastKnownFileType = sourcecode.swift; path = "ManagedBlank+CoreDataClass.swift"; sourceTree = SOURCE_ROOT; };
		56ADF88223C0E572008F62FC /* ManagedBlank+CoreDataProperties.swift */ = {isa = PBXFileReference; lastKnownFileType = sourcecode.swift; path = "ManagedBlank+CoreDataProperties.swift"; sourceTree = SOURCE_ROOT; };
		56ADF88323C0E572008F62FC /* ManagedLetter+CoreDataClass.swift */ = {isa = PBXFileReference; lastKnownFileType = sourcecode.swift; path = "ManagedLetter+CoreDataClass.swift"; sourceTree = SOURCE_ROOT; };
		56ADF88423C0E572008F62FC /* ManagedLetter+CoreDataProperties.swift */ = {isa = PBXFileReference; lastKnownFileType = sourcecode.swift; path = "ManagedLetter+CoreDataProperties.swift"; sourceTree = SOURCE_ROOT; };
		56C776EB2396827E00D5C9DE /* Test.swift */ = {isa = PBXFileReference; lastKnownFileType = sourcecode.swift; path = Test.swift; sourceTree = "<group>"; };
		56C776ED2396829400D5C9DE /* Course.swift */ = {isa = PBXFileReference; lastKnownFileType = sourcecode.swift; path = Course.swift; sourceTree = "<group>"; };
		56C776F82396C13D00D5C9DE /* LocalDatabaseManager.swift */ = {isa = PBXFileReference; fileEncoding = 4; lastKnownFileType = sourcecode.swift; name = LocalDatabaseManager.swift; path = "../../../../Library/Mobile Documents/com~apple~CloudDocs/.Trash/LocalDatabaseManager.swift"; sourceTree = "<group>"; };
		56D7986F239913D800672302 /* Models+Storable.swift */ = {isa = PBXFileReference; lastKnownFileType = sourcecode.swift; path = "Models+Storable.swift"; sourceTree = "<group>"; };
		56D7BAC82382F79A00CECC71 /* StartDeutsch.app */ = {isa = PBXFileReference; explicitFileType = wrapper.application; includeInIndex = 0; path = StartDeutsch.app; sourceTree = BUILT_PRODUCTS_DIR; };
		56D7BACB2382F79A00CECC71 /* AppDelegate.swift */ = {isa = PBXFileReference; lastKnownFileType = sourcecode.swift; path = AppDelegate.swift; sourceTree = "<group>"; };
		56D7BACD2382F79A00CECC71 /* SceneDelegate.swift */ = {isa = PBXFileReference; lastKnownFileType = sourcecode.swift; path = SceneDelegate.swift; sourceTree = "<group>"; };
		56D7BACF2382F79A00CECC71 /* CourseListViewController.swift */ = {isa = PBXFileReference; lastKnownFileType = sourcecode.swift; path = CourseListViewController.swift; sourceTree = "<group>"; };
		56D7BAD72382F7A200CECC71 /* Assets.xcassets */ = {isa = PBXFileReference; lastKnownFileType = folder.assetcatalog; path = Assets.xcassets; sourceTree = "<group>"; };
		56D7BADA2382F7A200CECC71 /* Base */ = {isa = PBXFileReference; lastKnownFileType = file.storyboard; name = Base; path = Base.lproj/LaunchScreen.storyboard; sourceTree = "<group>"; };
		56D7BADC2382F7A200CECC71 /* Info.plist */ = {isa = PBXFileReference; lastKnownFileType = text.plist.xml; path = Info.plist; sourceTree = "<group>"; };
		56D7BAE12382F7A200CECC71 /* StartDeutschTests.xctest */ = {isa = PBXFileReference; explicitFileType = wrapper.cfbundle; includeInIndex = 0; path = StartDeutschTests.xctest; sourceTree = BUILT_PRODUCTS_DIR; };
		56D7BAE52382F7A200CECC71 /* StartDeutschTests.swift */ = {isa = PBXFileReference; lastKnownFileType = sourcecode.swift; path = StartDeutschTests.swift; sourceTree = "<group>"; };
		56D7BAE72382F7A200CECC71 /* Info.plist */ = {isa = PBXFileReference; lastKnownFileType = text.plist.xml; path = Info.plist; sourceTree = "<group>"; };
		75DC131D107C3D882C2010EC /* Pods-StartDeutsch.release.xcconfig */ = {isa = PBXFileReference; includeInIndex = 1; lastKnownFileType = text.xcconfig; name = "Pods-StartDeutsch.release.xcconfig"; path = "Target Support Files/Pods-StartDeutsch/Pods-StartDeutsch.release.xcconfig"; sourceTree = "<group>"; };
		A0D107EF2B6914B52F65B78D /* Pods-StartDeutschTests.release.xcconfig */ = {isa = PBXFileReference; includeInIndex = 1; lastKnownFileType = text.xcconfig; name = "Pods-StartDeutschTests.release.xcconfig"; path = "Target Support Files/Pods-StartDeutschTests/Pods-StartDeutschTests.release.xcconfig"; sourceTree = "<group>"; };
		D71C7815072AB0739EB1EEBE /* Pods-StartDeutsch.debug.xcconfig */ = {isa = PBXFileReference; includeInIndex = 1; lastKnownFileType = text.xcconfig; name = "Pods-StartDeutsch.debug.xcconfig"; path = "Target Support Files/Pods-StartDeutsch/Pods-StartDeutsch.debug.xcconfig"; sourceTree = "<group>"; };
		EBCEA5576E60E1534F66D470 /* Pods_StartDeutschTests.framework */ = {isa = PBXFileReference; explicitFileType = wrapper.framework; includeInIndex = 0; path = Pods_StartDeutschTests.framework; sourceTree = BUILT_PRODUCTS_DIR; };
		FB48345B5673A17FDDE08D1D /* Pods-StartDeutschTests.debug.xcconfig */ = {isa = PBXFileReference; includeInIndex = 1; lastKnownFileType = text.xcconfig; name = "Pods-StartDeutschTests.debug.xcconfig"; path = "Target Support Files/Pods-StartDeutschTests/Pods-StartDeutschTests.debug.xcconfig"; sourceTree = "<group>"; };
/* End PBXFileReference section */

/* Begin PBXFrameworksBuildPhase section */
		56D7BAC52382F79A00CECC71 /* Frameworks */ = {
			isa = PBXFrameworksBuildPhase;
			buildActionMask = 2147483647;
			files = (
				A2F8E3225AAF644C2418C7DE /* Pods_StartDeutsch.framework in Frameworks */,
			);
			runOnlyForDeploymentPostprocessing = 0;
		};
		56D7BADE2382F7A200CECC71 /* Frameworks */ = {
			isa = PBXFrameworksBuildPhase;
			buildActionMask = 2147483647;
			files = (
				AF29B90F171EC1F1BC391DD4 /* Pods_StartDeutschTests.framework in Frameworks */,
			);
			runOnlyForDeploymentPostprocessing = 0;
		};
/* End PBXFrameworksBuildPhase section */

/* Begin PBXGroup section */
		56113D342386C0C100A7DA6B /* View Controllers */ = {
			isa = PBXGroup;
			children = (
				5696837E23928009008AF9A4 /* CourseList */,
				5696838223929A14008AF9A4 /* TestList */,
				56113D322386C0BA00A7DA6B /* ListeningCourseViewController.swift */,
				569F4F3B23AB905E0054BC65 /* ReadingCourseViewController.swift */,
				56ADF86123B3DF7A008F62FC /* WritingCourseViewController.swift */,
				56ADF86323B3DFEA008F62FC /* BlankListViewController.swift */,
				56ADF86523B3E016008F62FC /* LetterListViewController.swift */,
				56ADF86723B3E308008F62FC /* BlankViewController.swift */,
				56ADF86923B3E316008F62FC /* LetterViewController.swift */,
				56963E9223C1B29A007ACE1D /* SpeakingCourseViewController.swift */,
				56963E9423C1B982007ACE1D /* WordListViewController.swift */,
				56963E9A23C1C275007ACE1D /* CardListViewController.swift */,
			);
			path = "View Controllers";
			sourceTree = "<group>";
		};
		56113D372386F60900A7DA6B /* Custom Views */ = {
			isa = PBXGroup;
			children = (
				56963EA623C34601007ACE1D /* CardCollectionViewCell.swift */,
				569F4F5023AF790C0054BC65 /* Reading */,
				569F4F4B23AF72320054BC65 /* Listening */,
				5696836A238EFFDC008AF9A4 /* LoadingOverlay.swift */,
				569F4F4523AD3FF50054BC65 /* Extensions.swift */,
			);
			path = "Custom Views";
			sourceTree = "<group>";
		};
		56113D3A238803CA00A7DA6B /* data */ = {
			isa = PBXGroup;
			children = (
				56113D422388520600A7DA6B /* listening1-5.csv */,
			);
			path = data;
			sourceTree = "<group>";
		};
		56113D4F238A5C3800A7DA6B /* Models */ = {
			isa = PBXGroup;
			children = (
				56C776ED2396829400D5C9DE /* Course.swift */,
				56C776EB2396827E00D5C9DE /* Test.swift */,
				56113D4D238A5C2300A7DA6B /* ListeningQuestion.swift */,
				56113D52238A848300A7DA6B /* UserAnswer.swift */,
				56968CC523854D1D008F56D9 /* LocalCollection.swift */,
				569F4F3F23AB910D0054BC65 /* ReadingQuestion.swift */,
				56ADF87523B624D8008F62FC /* Blank.swift */,
				56ADF87D23B8B08F008F62FC /* Letter.swift */,
				56963E9823C1C219007ACE1D /* Word.swift */,
				56963E9E23C1C44C007ACE1D /* Card.swift */,
			);
			path = Models;
			sourceTree = "<group>";
		};
		56968368238EFA00008AF9A4 /* Networking */ = {
			isa = PBXGroup;
			children = (
				56113D56238AFC4200A7DA6B /* FirebaseRequest.swift */,
				56113D54238ABE9F00A7DA6B /* FirebaseManager.swift */,
				56968366238EF9E8008AF9A4 /* FirebaseStorageManager.swift */,
			);
			path = Networking;
			sourceTree = "<group>";
		};
		56968369238EFA1B008AF9A4 /* Supporting files */ = {
			isa = PBXGroup;
			children = (
				56D7BACB2382F79A00CECC71 /* AppDelegate.swift */,
				56D7BACD2382F79A00CECC71 /* SceneDelegate.swift */,
				5696836F23912957008AF9A4 /* AppDependencyContainer.swift */,
			);
			path = "Supporting files";
			sourceTree = "<group>";
		};
		56968373239273A2008AF9A4 /* Routing */ = {
			isa = PBXGroup;
			children = (
				5696837123927397008AF9A4 /* Coordinator.swift */,
				56968374239273BE008AF9A4 /* AppCoordinator.swift */,
				5696837823927A99008AF9A4 /* CourseListCoordinator.swift */,
				569683762392741E008AF9A4 /* TestListCoordinator.swift */,
				569F4F4323ABC70C0054BC65 /* ReadingCourseCoordinator.swift */,
				5696837A23927D6D008AF9A4 /* ListeningCourseCoordinator.swift */,
				56ADF86B23B60E0B008F62FC /* WritingCourseCoordinator.swift */,
				56ADF87123B613FE008F62FC /* BlankListCoordinator.swift */,
				56ADF87923B67BC3008F62FC /* BlankDetailCoordinator.swift */,
				56ADF87323B61414008F62FC /* LetterListCoordinator.swift */,
				56ADF87B23B8AEC3008F62FC /* LetterDetailCoordinator.swift */,
				56963EA023C1C4F9007ACE1D /* SpeakingCourseCoordinator.swift */,
				56963EA223C1C595007ACE1D /* WordListCoordinator.swift */,
				56963EA423C1F968007ACE1D /* CardListCoordinator.swift */,
			);
			path = Routing;
			sourceTree = "<group>";
		};
		5696837E23928009008AF9A4 /* CourseList */ = {
			isa = PBXGroup;
			children = (
				5696837C23927FFF008AF9A4 /* CourseListViewControllerDelegate.swift */,
				56D7BACF2382F79A00CECC71 /* CourseListViewController.swift */,
			);
			path = CourseList;
			sourceTree = "<group>";
		};
		5696838223929A14008AF9A4 /* TestList */ = {
			isa = PBXGroup;
			children = (
				56113D2E23859BC700A7DA6B /* TestListViewController.swift */,
				5696838023929A09008AF9A4 /* TestListViewControllerDelegate.swift */,
			);
			path = TestList;
			sourceTree = "<group>";
		};
		5696838423929A68008AF9A4 /* Local Storage */ = {
			isa = PBXGroup;
			children = (
				56ADF88123C0E572008F62FC /* ManagedBlank+CoreDataClass.swift */,
				56ADF88223C0E572008F62FC /* ManagedBlank+CoreDataProperties.swift */,
				56ADF88323C0E572008F62FC /* ManagedLetter+CoreDataClass.swift */,
				56ADF88423C0E572008F62FC /* ManagedLetter+CoreDataProperties.swift */,
				56ADF85923B0C6D5008F62FC /* ManagedReadingQuestion+CoreDataClass.swift */,
				56ADF85A23B0C6D5008F62FC /* ManagedReadingQuestion+CoreDataProperties.swift */,
				56ADF84B23B0BBF5008F62FC /* ManagedCourse+CoreDataClass.swift */,
				56ADF84C23B0BBF5008F62FC /* ManagedCourse+CoreDataProperties.swift */,
				56ADF84D23B0BBF5008F62FC /* ManagedTest+CoreDataClass.swift */,
				56ADF84E23B0BBF5008F62FC /* ManagedTest+CoreDataProperties.swift */,
				56ADF84F23B0BBF5008F62FC /* ManagedListeningQuestion+CoreDataClass.swift */,
				56ADF85023B0BBF5008F62FC /* ManagedListeningQuestion+CoreDataProperties.swift */,
				56ADF84623B0BAFB008F62FC /* GermanCourse.xcdatamodeld */,
				56C776F82396C13D00D5C9DE /* LocalDatabaseManager.swift */,
				569F4E5F239C03D90054BC65 /* CoreDataRepository.swift */,
				569F4E5D239921A00054BC65 /* Repository.swift */,
				56D7986F239913D800672302 /* Models+Storable.swift */,
			);
			path = "Local Storage";
			sourceTree = "<group>";
		};
		56968CC923859141008F56D9 /* View Models */ = {
			isa = PBXGroup;
			children = (
				56968CC323854D07008F56D9 /* CourseListViewModel.swift */,
				56968CC723857512008F56D9 /* TestListViewModel.swift */,
				56113D302386C0AB00A7DA6B /* ListeningViewModel.swift */,
				56113D58238D8C0C00A7DA6B /* ListeningQuestionViewModel.swift */,
				569F4F3D23AB90810054BC65 /* ReadingCourseViewModel.swift */,
				569F4F4723AE2D6C0054BC65 /* ReadingQuestionViewModel.swift */,
				56ADF86D23B61226008F62FC /* BlankListViewModel.swift */,
				56ADF87723B64991008F62FC /* BlankViewModel.swift */,
				56ADF86F23B61237008F62FC /* LetterListViewModel.swift */,
				56ADF87F23B8B0B5008F62FC /* LetterViewModel.swift */,
				56963E9623C1C201007ACE1D /* WordListViewModel.swift */,
				56963E9C23C1C435007ACE1D /* CardListViewModel.swift */,
			);
			path = "View Models";
			sourceTree = "<group>";
		};
		569F4F4B23AF72320054BC65 /* Listening */ = {
			isa = PBXGroup;
			children = (
				56113D5A238E855B00A7DA6B /* ListeningQuestionBinaryChoiceTableViewCell.swift */,
				56113D5C238EC69700A7DA6B /* ListeningQuestionMultipleChoiceTableViewCell.swift */,
			);
			path = Listening;
			sourceTree = "<group>";
		};
		569F4F5023AF790C0054BC65 /* Reading */ = {
			isa = PBXGroup;
			children = (
				569F4F5123AF79A90054BC65 /* ReadingQuestionPartOneCollectionViewCell.swift */,
				569F4F4C23AF78C00054BC65 /* ReadingQuestionPartTwoCollectionViewCell.swift */,
				569F4F4E23AF78EE0054BC65 /* ReadingQuestionPartThreeCollectionViewCell.swift */,
			);
			path = Reading;
			sourceTree = "<group>";
		};
		56D7BABF2382F79A00CECC71 = {
			isa = PBXGroup;
			children = (
				56113D4B2388717500A7DA6B /* .gitignore */,
				56D7BACA2382F79A00CECC71 /* StartDeutsch */,
				56D7BAD72382F7A200CECC71 /* Assets.xcassets */,
				56D7BAD92382F7A200CECC71 /* LaunchScreen.storyboard */,
				56D7BADC2382F7A200CECC71 /* Info.plist */,
				56113D482388554100A7DA6B /* GoogleService-Info.plist */,
				56D7BAE42382F7A200CECC71 /* StartDeutschTests */,
				56D7BAC92382F79A00CECC71 /* Products */,
				E7F975243CA67EE2B3288ADA /* Pods */,
				AF9AB61DD34DDBE9136A9D05 /* Frameworks */,
			);
			sourceTree = "<group>";
		};
		56D7BAC92382F79A00CECC71 /* Products */ = {
			isa = PBXGroup;
			children = (
				56D7BAC82382F79A00CECC71 /* StartDeutsch.app */,
				56D7BAE12382F7A200CECC71 /* StartDeutschTests.xctest */,
			);
			name = Products;
			sourceTree = "<group>";
		};
		56D7BACA2382F79A00CECC71 /* StartDeutsch */ = {
			isa = PBXGroup;
			children = (
				56968373239273A2008AF9A4 /* Routing */,
				56113D4F238A5C3800A7DA6B /* Models */,
				56113D3A238803CA00A7DA6B /* data */,
				56968369238EFA1B008AF9A4 /* Supporting files */,
				56113D342386C0C100A7DA6B /* View Controllers */,
				56968CC923859141008F56D9 /* View Models */,
				5696838423929A68008AF9A4 /* Local Storage */,
				56968368238EFA00008AF9A4 /* Networking */,
				56113D372386F60900A7DA6B /* Custom Views */,
			);
			path = StartDeutsch;
			sourceTree = "<group>";
		};
		56D7BAE42382F7A200CECC71 /* StartDeutschTests */ = {
			isa = PBXGroup;
			children = (
				56113D50238A83D500A7DA6B /* ListeningViewModelTests.swift */,
				56ADF83823AF8363008F62FC /* ReadingCourseViewModelTests.swift */,
				56D7BAE52382F7A200CECC71 /* StartDeutschTests.swift */,
				56D7BAE72382F7A200CECC71 /* Info.plist */,
			);
			path = StartDeutschTests;
			sourceTree = "<group>";
		};
		AF9AB61DD34DDBE9136A9D05 /* Frameworks */ = {
			isa = PBXGroup;
			children = (
				1FC6E469F3A00B0CF46E77B0 /* Pods_StartDeutsch.framework */,
				EBCEA5576E60E1534F66D470 /* Pods_StartDeutschTests.framework */,
			);
			name = Frameworks;
			sourceTree = "<group>";
		};
		E7F975243CA67EE2B3288ADA /* Pods */ = {
			isa = PBXGroup;
			children = (
				D71C7815072AB0739EB1EEBE /* Pods-StartDeutsch.debug.xcconfig */,
				75DC131D107C3D882C2010EC /* Pods-StartDeutsch.release.xcconfig */,
				FB48345B5673A17FDDE08D1D /* Pods-StartDeutschTests.debug.xcconfig */,
				A0D107EF2B6914B52F65B78D /* Pods-StartDeutschTests.release.xcconfig */,
			);
			path = Pods;
			sourceTree = "<group>";
		};
/* End PBXGroup section */

/* Begin PBXNativeTarget section */
		56D7BAC72382F79A00CECC71 /* StartDeutsch */ = {
			isa = PBXNativeTarget;
			buildConfigurationList = 56D7BAEA2382F7A200CECC71 /* Build configuration list for PBXNativeTarget "StartDeutsch" */;
			buildPhases = (
				DBD22BA93C7A93AB63125027 /* [CP] Check Pods Manifest.lock */,
				56D7BAC42382F79A00CECC71 /* Sources */,
				56D7BAC52382F79A00CECC71 /* Frameworks */,
				56D7BAC62382F79A00CECC71 /* Resources */,
				1063361E7529E0561E4760F2 /* [CP] Embed Pods Frameworks */,
			);
			buildRules = (
			);
			dependencies = (
			);
			name = StartDeutsch;
			productName = StartDeutsch;
			productReference = 56D7BAC82382F79A00CECC71 /* StartDeutsch.app */;
			productType = "com.apple.product-type.application";
		};
		56D7BAE02382F7A200CECC71 /* StartDeutschTests */ = {
			isa = PBXNativeTarget;
			buildConfigurationList = 56D7BAED2382F7A200CECC71 /* Build configuration list for PBXNativeTarget "StartDeutschTests" */;
			buildPhases = (
				EA035599D8D48F77B1DB0E45 /* [CP] Check Pods Manifest.lock */,
				56D7BADD2382F7A200CECC71 /* Sources */,
				56D7BADE2382F7A200CECC71 /* Frameworks */,
				56D7BADF2382F7A200CECC71 /* Resources */,
			);
			buildRules = (
			);
			dependencies = (
				56D7BAE32382F7A200CECC71 /* PBXTargetDependency */,
			);
			name = StartDeutschTests;
			productName = StartDeutschTests;
			productReference = 56D7BAE12382F7A200CECC71 /* StartDeutschTests.xctest */;
			productType = "com.apple.product-type.bundle.unit-test";
		};
/* End PBXNativeTarget section */

/* Begin PBXProject section */
		56D7BAC02382F79A00CECC71 /* Project object */ = {
			isa = PBXProject;
			attributes = {
				LastSwiftUpdateCheck = 1120;
				LastUpgradeCheck = 1120;
				ORGANIZATIONNAME = "Zhazira Garipolla";
				TargetAttributes = {
					56D7BAC72382F79A00CECC71 = {
						CreatedOnToolsVersion = 11.2;
					};
					56D7BAE02382F7A200CECC71 = {
						CreatedOnToolsVersion = 11.2;
						TestTargetID = 56D7BAC72382F79A00CECC71;
					};
				};
			};
			buildConfigurationList = 56D7BAC32382F79A00CECC71 /* Build configuration list for PBXProject "StartDeutsch" */;
			compatibilityVersion = "Xcode 9.3";
			developmentRegion = en;
			hasScannedForEncodings = 0;
			knownRegions = (
				en,
				Base,
			);
			mainGroup = 56D7BABF2382F79A00CECC71;
			productRefGroup = 56D7BAC92382F79A00CECC71 /* Products */;
			projectDirPath = "";
			projectRoot = "";
			targets = (
				56D7BAC72382F79A00CECC71 /* StartDeutsch */,
				56D7BAE02382F7A200CECC71 /* StartDeutschTests */,
			);
		};
/* End PBXProject section */

/* Begin PBXResourcesBuildPhase section */
		56D7BAC62382F79A00CECC71 /* Resources */ = {
			isa = PBXResourcesBuildPhase;
			buildActionMask = 2147483647;
			files = (
				56113D4A2388563500A7DA6B /* GoogleService-Info.plist in Resources */,
				56113D442388524000A7DA6B /* listening1-5.csv in Resources */,
				56D7BADB2382F7A200CECC71 /* LaunchScreen.storyboard in Resources */,
				56D7BAD82382F7A200CECC71 /* Assets.xcassets in Resources */,
				56113D4C2388717600A7DA6B /* .gitignore in Resources */,
			);
			runOnlyForDeploymentPostprocessing = 0;
		};
		56D7BADF2382F7A200CECC71 /* Resources */ = {
			isa = PBXResourcesBuildPhase;
			buildActionMask = 2147483647;
			files = (
			);
			runOnlyForDeploymentPostprocessing = 0;
		};
/* End PBXResourcesBuildPhase section */

/* Begin PBXShellScriptBuildPhase section */
		1063361E7529E0561E4760F2 /* [CP] Embed Pods Frameworks */ = {
			isa = PBXShellScriptBuildPhase;
			buildActionMask = 2147483647;
			files = (
			);
			inputFileListPaths = (
				"${PODS_ROOT}/Target Support Files/Pods-StartDeutsch/Pods-StartDeutsch-frameworks-${CONFIGURATION}-input-files.xcfilelist",
			);
			name = "[CP] Embed Pods Frameworks";
			outputFileListPaths = (
				"${PODS_ROOT}/Target Support Files/Pods-StartDeutsch/Pods-StartDeutsch-frameworks-${CONFIGURATION}-output-files.xcfilelist",
			);
			runOnlyForDeploymentPostprocessing = 0;
			shellPath = /bin/sh;
			shellScript = "\"${PODS_ROOT}/Target Support Files/Pods-StartDeutsch/Pods-StartDeutsch-frameworks.sh\"\n";
			showEnvVarsInLog = 0;
		};
		DBD22BA93C7A93AB63125027 /* [CP] Check Pods Manifest.lock */ = {
			isa = PBXShellScriptBuildPhase;
			buildActionMask = 2147483647;
			files = (
			);
			inputFileListPaths = (
			);
			inputPaths = (
				"${PODS_PODFILE_DIR_PATH}/Podfile.lock",
				"${PODS_ROOT}/Manifest.lock",
			);
			name = "[CP] Check Pods Manifest.lock";
			outputFileListPaths = (
			);
			outputPaths = (
				"$(DERIVED_FILE_DIR)/Pods-StartDeutsch-checkManifestLockResult.txt",
			);
			runOnlyForDeploymentPostprocessing = 0;
			shellPath = /bin/sh;
			shellScript = "diff \"${PODS_PODFILE_DIR_PATH}/Podfile.lock\" \"${PODS_ROOT}/Manifest.lock\" > /dev/null\nif [ $? != 0 ] ; then\n    # print error to STDERR\n    echo \"error: The sandbox is not in sync with the Podfile.lock. Run 'pod install' or update your CocoaPods installation.\" >&2\n    exit 1\nfi\n# This output is used by Xcode 'outputs' to avoid re-running this script phase.\necho \"SUCCESS\" > \"${SCRIPT_OUTPUT_FILE_0}\"\n";
			showEnvVarsInLog = 0;
		};
		EA035599D8D48F77B1DB0E45 /* [CP] Check Pods Manifest.lock */ = {
			isa = PBXShellScriptBuildPhase;
			buildActionMask = 2147483647;
			files = (
			);
			inputFileListPaths = (
			);
			inputPaths = (
				"${PODS_PODFILE_DIR_PATH}/Podfile.lock",
				"${PODS_ROOT}/Manifest.lock",
			);
			name = "[CP] Check Pods Manifest.lock";
			outputFileListPaths = (
			);
			outputPaths = (
				"$(DERIVED_FILE_DIR)/Pods-StartDeutschTests-checkManifestLockResult.txt",
			);
			runOnlyForDeploymentPostprocessing = 0;
			shellPath = /bin/sh;
			shellScript = "diff \"${PODS_PODFILE_DIR_PATH}/Podfile.lock\" \"${PODS_ROOT}/Manifest.lock\" > /dev/null\nif [ $? != 0 ] ; then\n    # print error to STDERR\n    echo \"error: The sandbox is not in sync with the Podfile.lock. Run 'pod install' or update your CocoaPods installation.\" >&2\n    exit 1\nfi\n# This output is used by Xcode 'outputs' to avoid re-running this script phase.\necho \"SUCCESS\" > \"${SCRIPT_OUTPUT_FILE_0}\"\n";
			showEnvVarsInLog = 0;
		};
/* End PBXShellScriptBuildPhase section */

/* Begin PBXSourcesBuildPhase section */
		56D7BAC42382F79A00CECC71 /* Sources */ = {
			isa = PBXSourcesBuildPhase;
			buildActionMask = 2147483647;
			files = (
				56ADF85323B0BBF5008F62FC /* ManagedCourse+CoreDataClass.swift in Sources */,
				56C776EE2396829400D5C9DE /* Course.swift in Sources */,
				56ADF87423B61414008F62FC /* LetterListCoordinator.swift in Sources */,
				56ADF86C23B60E0C008F62FC /* WritingCourseCoordinator.swift in Sources */,
				56D7BAD02382F79A00CECC71 /* CourseListViewController.swift in Sources */,
				5696837023912957008AF9A4 /* AppDependencyContainer.swift in Sources */,
				56113D57238AFC4200A7DA6B /* FirebaseRequest.swift in Sources */,
				56ADF85723B0BBF5008F62FC /* ManagedListeningQuestion+CoreDataClass.swift in Sources */,
				56963EA723C34601007ACE1D /* CardCollectionViewCell.swift in Sources */,
				56963E9B23C1C275007ACE1D /* CardListViewController.swift in Sources */,
				56113D55238ABEA000A7DA6B /* FirebaseManager.swift in Sources */,
				56113D53238A848300A7DA6B /* UserAnswer.swift in Sources */,
				56ADF85B23B0C6D5008F62FC /* ManagedReadingQuestion+CoreDataClass.swift in Sources */,
				56ADF86E23B61226008F62FC /* BlankListViewModel.swift in Sources */,
				5696837223927397008AF9A4 /* Coordinator.swift in Sources */,
				569F4F4823AE2D6D0054BC65 /* ReadingQuestionViewModel.swift in Sources */,
				56968367238EF9E8008AF9A4 /* FirebaseStorageManager.swift in Sources */,
				569F4F4423ABC70C0054BC65 /* ReadingCourseCoordinator.swift in Sources */,
				56ADF88023B8B0B5008F62FC /* LetterViewModel.swift in Sources */,
				56968CC623854D1D008F56D9 /* LocalCollection.swift in Sources */,
				56ADF85523B0BBF5008F62FC /* ManagedTest+CoreDataClass.swift in Sources */,
				569F4F3C23AB905F0054BC65 /* ReadingCourseViewController.swift in Sources */,
				569F4E5E239921A00054BC65 /* Repository.swift in Sources */,
				56968CC423854D07008F56D9 /* CourseListViewModel.swift in Sources */,
				569F4F4623AD3FF50054BC65 /* Extensions.swift in Sources */,
				56ADF88623C0E572008F62FC /* ManagedBlank+CoreDataProperties.swift in Sources */,
				56963E9D23C1C435007ACE1D /* CardListViewModel.swift in Sources */,
				56968CC823857512008F56D9 /* TestListViewModel.swift in Sources */,
				56113D59238D8C0C00A7DA6B /* ListeningQuestionViewModel.swift in Sources */,
				56968375239273BE008AF9A4 /* AppCoordinator.swift in Sources */,
				5696836B238EFFDC008AF9A4 /* LoadingOverlay.swift in Sources */,
				56ADF86423B3DFEA008F62FC /* BlankListViewController.swift in Sources */,
				56ADF87A23B67BC3008F62FC /* BlankDetailCoordinator.swift in Sources */,
				56ADF87023B61237008F62FC /* LetterListViewModel.swift in Sources */,
				5696837B23927D6D008AF9A4 /* ListeningCourseCoordinator.swift in Sources */,
				56ADF85623B0BBF5008F62FC /* ManagedTest+CoreDataProperties.swift in Sources */,
				56C776EC2396827E00D5C9DE /* Test.swift in Sources */,
				56ADF87E23B8B08F008F62FC /* Letter.swift in Sources */,
				56ADF87823B64992008F62FC /* BlankViewModel.swift in Sources */,
				56963E9923C1C219007ACE1D /* Word.swift in Sources */,
				56D7BACC2382F79A00CECC71 /* AppDelegate.swift in Sources */,
				56ADF86223B3DF7A008F62FC /* WritingCourseViewController.swift in Sources */,
				56963EA523C1F968007ACE1D /* CardListCoordinator.swift in Sources */,
				56ADF87223B613FE008F62FC /* BlankListCoordinator.swift in Sources */,
				56ADF88823C0E572008F62FC /* ManagedLetter+CoreDataProperties.swift in Sources */,
				569683772392741E008AF9A4 /* TestListCoordinator.swift in Sources */,
				56113D5B238E855B00A7DA6B /* ListeningQuestionBinaryChoiceTableViewCell.swift in Sources */,
				56ADF87623B624D9008F62FC /* Blank.swift in Sources */,
				56ADF86A23B3E316008F62FC /* LetterViewController.swift in Sources */,
				569F4F4023AB910D0054BC65 /* ReadingQuestion.swift in Sources */,
				56D7BACE2382F79A00CECC71 /* SceneDelegate.swift in Sources */,
				56ADF88523C0E572008F62FC /* ManagedBlank+CoreDataClass.swift in Sources */,
				569F4F3E23AB90810054BC65 /* ReadingCourseViewModel.swift in Sources */,
				569F4E60239C03D90054BC65 /* CoreDataRepository.swift in Sources */,
				56113D4E238A5C2300A7DA6B /* ListeningQuestion.swift in Sources */,
				56D79870239913D800672302 /* Models+Storable.swift in Sources */,
				56ADF85423B0BBF5008F62FC /* ManagedCourse+CoreDataProperties.swift in Sources */,
				56ADF86623B3E016008F62FC /* LetterListViewController.swift in Sources */,
				56963EA123C1C4F9007ACE1D /* SpeakingCourseCoordinator.swift in Sources */,
				569F4F4F23AF78EE0054BC65 /* ReadingQuestionPartThreeCollectionViewCell.swift in Sources */,
				56ADF85823B0BBF5008F62FC /* ManagedListeningQuestion+CoreDataProperties.swift in Sources */,
				5696837D23927FFF008AF9A4 /* CourseListViewControllerDelegate.swift in Sources */,
				56963E9F23C1C44C007ACE1D /* Card.swift in Sources */,
				56963E9523C1B982007ACE1D /* WordListViewController.swift in Sources */,
				56963EA323C1C595007ACE1D /* WordListCoordinator.swift in Sources */,
				5696838123929A09008AF9A4 /* TestListViewControllerDelegate.swift in Sources */,
				569F4F4D23AF78C00054BC65 /* ReadingQuestionPartTwoCollectionViewCell.swift in Sources */,
				56ADF86823B3E308008F62FC /* BlankViewController.swift in Sources */,
				56ADF85C23B0C6D5008F62FC /* ManagedReadingQuestion+CoreDataProperties.swift in Sources */,
				5696837923927A99008AF9A4 /* CourseListCoordinator.swift in Sources */,
				56113D332386C0BA00A7DA6B /* ListeningCourseViewController.swift in Sources */,
				56113D2F23859BC700A7DA6B /* TestListViewController.swift in Sources */,
				56ADF84823B0BAFB008F62FC /* GermanCourse.xcdatamodeld in Sources */,
				56113D5D238EC69700A7DA6B /* ListeningQuestionMultipleChoiceTableViewCell.swift in Sources */,
				569F4F5223AF79A90054BC65 /* ReadingQuestionPartOneCollectionViewCell.swift in Sources */,
				56113D312386C0AB00A7DA6B /* ListeningViewModel.swift in Sources */,
				56963E9323C1B29A007ACE1D /* SpeakingCourseViewController.swift in Sources */,
				56ADF87C23B8AEC3008F62FC /* LetterDetailCoordinator.swift in Sources */,
				56963E9723C1C201007ACE1D /* WordListViewModel.swift in Sources */,
				56ADF88723C0E572008F62FC /* ManagedLetter+CoreDataClass.swift in Sources */,
			);
			runOnlyForDeploymentPostprocessing = 0;
		};
		56D7BADD2382F7A200CECC71 /* Sources */ = {
			isa = PBXSourcesBuildPhase;
			buildActionMask = 2147483647;
			files = (
				56113D51238A83D600A7DA6B /* ListeningViewModelTests.swift in Sources */,
				56D7BAE62382F7A200CECC71 /* StartDeutschTests.swift in Sources */,
				56ADF83923AF8363008F62FC /* ReadingCourseViewModelTests.swift in Sources */,
			);
			runOnlyForDeploymentPostprocessing = 0;
		};
/* End PBXSourcesBuildPhase section */

/* Begin PBXTargetDependency section */
		56D7BAE32382F7A200CECC71 /* PBXTargetDependency */ = {
			isa = PBXTargetDependency;
			target = 56D7BAC72382F79A00CECC71 /* StartDeutsch */;
			targetProxy = 56D7BAE22382F7A200CECC71 /* PBXContainerItemProxy */;
		};
/* End PBXTargetDependency section */

/* Begin PBXVariantGroup section */
		56D7BAD92382F7A200CECC71 /* LaunchScreen.storyboard */ = {
			isa = PBXVariantGroup;
			children = (
				56D7BADA2382F7A200CECC71 /* Base */,
			);
			name = LaunchScreen.storyboard;
			sourceTree = "<group>";
		};
/* End PBXVariantGroup section */

/* Begin XCBuildConfiguration section */
		56D7BAE82382F7A200CECC71 /* Debug */ = {
			isa = XCBuildConfiguration;
			buildSettings = {
				ALWAYS_SEARCH_USER_PATHS = NO;
				CLANG_ANALYZER_NONNULL = YES;
				CLANG_ANALYZER_NUMBER_OBJECT_CONVERSION = YES_AGGRESSIVE;
				CLANG_CXX_LANGUAGE_STANDARD = "gnu++14";
				CLANG_CXX_LIBRARY = "libc++";
				CLANG_ENABLE_MODULES = YES;
				CLANG_ENABLE_OBJC_ARC = YES;
				CLANG_ENABLE_OBJC_WEAK = YES;
				CLANG_WARN_BLOCK_CAPTURE_AUTORELEASING = YES;
				CLANG_WARN_BOOL_CONVERSION = YES;
				CLANG_WARN_COMMA = YES;
				CLANG_WARN_CONSTANT_CONVERSION = YES;
				CLANG_WARN_DEPRECATED_OBJC_IMPLEMENTATIONS = YES;
				CLANG_WARN_DIRECT_OBJC_ISA_USAGE = YES_ERROR;
				CLANG_WARN_DOCUMENTATION_COMMENTS = YES;
				CLANG_WARN_EMPTY_BODY = YES;
				CLANG_WARN_ENUM_CONVERSION = YES;
				CLANG_WARN_INFINITE_RECURSION = YES;
				CLANG_WARN_INT_CONVERSION = YES;
				CLANG_WARN_NON_LITERAL_NULL_CONVERSION = YES;
				CLANG_WARN_OBJC_IMPLICIT_RETAIN_SELF = YES;
				CLANG_WARN_OBJC_LITERAL_CONVERSION = YES;
				CLANG_WARN_OBJC_ROOT_CLASS = YES_ERROR;
				CLANG_WARN_RANGE_LOOP_ANALYSIS = YES;
				CLANG_WARN_STRICT_PROTOTYPES = YES;
				CLANG_WARN_SUSPICIOUS_MOVE = YES;
				CLANG_WARN_UNGUARDED_AVAILABILITY = YES_AGGRESSIVE;
				CLANG_WARN_UNREACHABLE_CODE = YES;
				CLANG_WARN__DUPLICATE_METHOD_MATCH = YES;
				COPY_PHASE_STRIP = NO;
				DEBUG_INFORMATION_FORMAT = dwarf;
				ENABLE_STRICT_OBJC_MSGSEND = YES;
				ENABLE_TESTABILITY = YES;
				GCC_C_LANGUAGE_STANDARD = gnu11;
				GCC_DYNAMIC_NO_PIC = NO;
				GCC_NO_COMMON_BLOCKS = YES;
				GCC_OPTIMIZATION_LEVEL = 0;
				GCC_PREPROCESSOR_DEFINITIONS = (
					"DEBUG=1",
					"$(inherited)",
				);
				GCC_WARN_64_TO_32_BIT_CONVERSION = YES;
				GCC_WARN_ABOUT_RETURN_TYPE = YES_ERROR;
				GCC_WARN_UNDECLARED_SELECTOR = YES;
				GCC_WARN_UNINITIALIZED_AUTOS = YES_AGGRESSIVE;
				GCC_WARN_UNUSED_FUNCTION = YES;
				GCC_WARN_UNUSED_VARIABLE = YES;
				IPHONEOS_DEPLOYMENT_TARGET = 13.0;
				MTL_ENABLE_DEBUG_INFO = INCLUDE_SOURCE;
				MTL_FAST_MATH = YES;
				ONLY_ACTIVE_ARCH = YES;
				SDKROOT = iphoneos;
				SWIFT_ACTIVE_COMPILATION_CONDITIONS = DEBUG;
				SWIFT_OPTIMIZATION_LEVEL = "-Onone";
			};
			name = Debug;
		};
		56D7BAE92382F7A200CECC71 /* Release */ = {
			isa = XCBuildConfiguration;
			buildSettings = {
				ALWAYS_SEARCH_USER_PATHS = NO;
				CLANG_ANALYZER_NONNULL = YES;
				CLANG_ANALYZER_NUMBER_OBJECT_CONVERSION = YES_AGGRESSIVE;
				CLANG_CXX_LANGUAGE_STANDARD = "gnu++14";
				CLANG_CXX_LIBRARY = "libc++";
				CLANG_ENABLE_MODULES = YES;
				CLANG_ENABLE_OBJC_ARC = YES;
				CLANG_ENABLE_OBJC_WEAK = YES;
				CLANG_WARN_BLOCK_CAPTURE_AUTORELEASING = YES;
				CLANG_WARN_BOOL_CONVERSION = YES;
				CLANG_WARN_COMMA = YES;
				CLANG_WARN_CONSTANT_CONVERSION = YES;
				CLANG_WARN_DEPRECATED_OBJC_IMPLEMENTATIONS = YES;
				CLANG_WARN_DIRECT_OBJC_ISA_USAGE = YES_ERROR;
				CLANG_WARN_DOCUMENTATION_COMMENTS = YES;
				CLANG_WARN_EMPTY_BODY = YES;
				CLANG_WARN_ENUM_CONVERSION = YES;
				CLANG_WARN_INFINITE_RECURSION = YES;
				CLANG_WARN_INT_CONVERSION = YES;
				CLANG_WARN_NON_LITERAL_NULL_CONVERSION = YES;
				CLANG_WARN_OBJC_IMPLICIT_RETAIN_SELF = YES;
				CLANG_WARN_OBJC_LITERAL_CONVERSION = YES;
				CLANG_WARN_OBJC_ROOT_CLASS = YES_ERROR;
				CLANG_WARN_RANGE_LOOP_ANALYSIS = YES;
				CLANG_WARN_STRICT_PROTOTYPES = YES;
				CLANG_WARN_SUSPICIOUS_MOVE = YES;
				CLANG_WARN_UNGUARDED_AVAILABILITY = YES_AGGRESSIVE;
				CLANG_WARN_UNREACHABLE_CODE = YES;
				CLANG_WARN__DUPLICATE_METHOD_MATCH = YES;
				COPY_PHASE_STRIP = NO;
				DEBUG_INFORMATION_FORMAT = "dwarf-with-dsym";
				ENABLE_NS_ASSERTIONS = NO;
				ENABLE_STRICT_OBJC_MSGSEND = YES;
				GCC_C_LANGUAGE_STANDARD = gnu11;
				GCC_NO_COMMON_BLOCKS = YES;
				GCC_WARN_64_TO_32_BIT_CONVERSION = YES;
				GCC_WARN_ABOUT_RETURN_TYPE = YES_ERROR;
				GCC_WARN_UNDECLARED_SELECTOR = YES;
				GCC_WARN_UNINITIALIZED_AUTOS = YES_AGGRESSIVE;
				GCC_WARN_UNUSED_FUNCTION = YES;
				GCC_WARN_UNUSED_VARIABLE = YES;
				IPHONEOS_DEPLOYMENT_TARGET = 13.0;
				MTL_ENABLE_DEBUG_INFO = NO;
				MTL_FAST_MATH = YES;
				SDKROOT = iphoneos;
				SWIFT_COMPILATION_MODE = wholemodule;
				SWIFT_OPTIMIZATION_LEVEL = "-O";
				VALIDATE_PRODUCT = YES;
			};
			name = Release;
		};
		56D7BAEB2382F7A200CECC71 /* Debug */ = {
			isa = XCBuildConfiguration;
			baseConfigurationReference = D71C7815072AB0739EB1EEBE /* Pods-StartDeutsch.debug.xcconfig */;
			buildSettings = {
				ASSETCATALOG_COMPILER_APPICON_NAME = AppIcon;
				CODE_SIGN_STYLE = Automatic;
				DEVELOPMENT_TEAM = 3359JPU45W;
				INFOPLIST_FILE = "$(SRCROOT)/Info.plist";
				LD_RUNPATH_SEARCH_PATHS = (
					"$(inherited)",
					"@executable_path/Frameworks",
				);
				PRODUCT_BUNDLE_IDENTIFIER = nn.StartDeutsch;
				PRODUCT_NAME = "$(TARGET_NAME)";
				SWIFT_VERSION = 5.0;
				TARGETED_DEVICE_FAMILY = "1,2";
			};
			name = Debug;
		};
		56D7BAEC2382F7A200CECC71 /* Release */ = {
			isa = XCBuildConfiguration;
			baseConfigurationReference = 75DC131D107C3D882C2010EC /* Pods-StartDeutsch.release.xcconfig */;
			buildSettings = {
				ASSETCATALOG_COMPILER_APPICON_NAME = AppIcon;
				CODE_SIGN_STYLE = Automatic;
				DEVELOPMENT_TEAM = 3359JPU45W;
				INFOPLIST_FILE = "$(SRCROOT)/Info.plist";
				LD_RUNPATH_SEARCH_PATHS = (
					"$(inherited)",
					"@executable_path/Frameworks",
				);
				PRODUCT_BUNDLE_IDENTIFIER = nn.StartDeutsch;
				PRODUCT_NAME = "$(TARGET_NAME)";
				SWIFT_VERSION = 5.0;
				TARGETED_DEVICE_FAMILY = "1,2";
			};
			name = Release;
		};
		56D7BAEE2382F7A200CECC71 /* Debug */ = {
			isa = XCBuildConfiguration;
			baseConfigurationReference = FB48345B5673A17FDDE08D1D /* Pods-StartDeutschTests.debug.xcconfig */;
			buildSettings = {
				ALWAYS_EMBED_SWIFT_STANDARD_LIBRARIES = YES;
				BUNDLE_LOADER = "$(TEST_HOST)";
				CODE_SIGN_STYLE = Automatic;
				DEVELOPMENT_TEAM = 3359JPU45W;
				INFOPLIST_FILE = StartDeutschTests/Info.plist;
				IPHONEOS_DEPLOYMENT_TARGET = 13.2;
				LD_RUNPATH_SEARCH_PATHS = (
					"$(inherited)",
					"@executable_path/Frameworks",
					"@loader_path/Frameworks",
				);
				PRODUCT_BUNDLE_IDENTIFIER = nn.StartDeutschTests;
				PRODUCT_NAME = "$(TARGET_NAME)";
				SWIFT_VERSION = 5.0;
				TARGETED_DEVICE_FAMILY = "1,2";
				TEST_HOST = "$(BUILT_PRODUCTS_DIR)/StartDeutsch.app/StartDeutsch";
			};
			name = Debug;
		};
		56D7BAEF2382F7A200CECC71 /* Release */ = {
			isa = XCBuildConfiguration;
			baseConfigurationReference = A0D107EF2B6914B52F65B78D /* Pods-StartDeutschTests.release.xcconfig */;
			buildSettings = {
				ALWAYS_EMBED_SWIFT_STANDARD_LIBRARIES = YES;
				BUNDLE_LOADER = "$(TEST_HOST)";
				CODE_SIGN_STYLE = Automatic;
				DEVELOPMENT_TEAM = 3359JPU45W;
				INFOPLIST_FILE = StartDeutschTests/Info.plist;
				IPHONEOS_DEPLOYMENT_TARGET = 13.2;
				LD_RUNPATH_SEARCH_PATHS = (
					"$(inherited)",
					"@executable_path/Frameworks",
					"@loader_path/Frameworks",
				);
				PRODUCT_BUNDLE_IDENTIFIER = nn.StartDeutschTests;
				PRODUCT_NAME = "$(TARGET_NAME)";
				SWIFT_VERSION = 5.0;
				TARGETED_DEVICE_FAMILY = "1,2";
				TEST_HOST = "$(BUILT_PRODUCTS_DIR)/StartDeutsch.app/StartDeutsch";
			};
			name = Release;
		};
/* End XCBuildConfiguration section */

/* Begin XCConfigurationList section */
		56D7BAC32382F79A00CECC71 /* Build configuration list for PBXProject "StartDeutsch" */ = {
			isa = XCConfigurationList;
			buildConfigurations = (
				56D7BAE82382F7A200CECC71 /* Debug */,
				56D7BAE92382F7A200CECC71 /* Release */,
			);
			defaultConfigurationIsVisible = 0;
			defaultConfigurationName = Release;
		};
		56D7BAEA2382F7A200CECC71 /* Build configuration list for PBXNativeTarget "StartDeutsch" */ = {
			isa = XCConfigurationList;
			buildConfigurations = (
				56D7BAEB2382F7A200CECC71 /* Debug */,
				56D7BAEC2382F7A200CECC71 /* Release */,
			);
			defaultConfigurationIsVisible = 0;
			defaultConfigurationName = Release;
		};
		56D7BAED2382F7A200CECC71 /* Build configuration list for PBXNativeTarget "StartDeutschTests" */ = {
			isa = XCConfigurationList;
			buildConfigurations = (
				56D7BAEE2382F7A200CECC71 /* Debug */,
				56D7BAEF2382F7A200CECC71 /* Release */,
			);
			defaultConfigurationIsVisible = 0;
			defaultConfigurationName = Release;
		};
/* End XCConfigurationList section */

/* Begin XCVersionGroup section */
		56ADF84623B0BAFB008F62FC /* GermanCourse.xcdatamodeld */ = {
			isa = XCVersionGroup;
			children = (
				56ADF84723B0BAFB008F62FC /* GermanCourse.xcdatamodel */,
			);
			currentVersion = 56ADF84723B0BAFB008F62FC /* GermanCourse.xcdatamodel */;
			path = GermanCourse.xcdatamodeld;
			sourceTree = "<group>";
			versionGroupType = wrapper.xcdatamodel;
		};
/* End XCVersionGroup section */
	};
	rootObject = 56D7BAC02382F79A00CECC71 /* Project object */;
}
